
Microsoft Visual Studio Solution File, Format Version 12.00
# Visual Studio Version 16
VisualStudioVersion = 16.0.30717.126
MinimumVisualStudioVersion = 10.0.40219.1
Project("{FAE04EC0-301F-11D3-BF4B-00C04F79EFBC}") = "TaskTracker", "TaskTracker.csproj", "{EF9108AC-232B-4A2B-8F69-499DB58AE602}"
EndProject
Global
	GlobalSection(SolutionConfigurationPlatforms) = preSolution
		Debug|Any CPU = Debug|Any CPU
		Release|Any CPU = Release|Any CPU
	EndGlobalSection
	GlobalSection(ProjectConfigurationPlatforms) = postSolution
		{EF9108AC-232B-4A2B-8F69-499DB58AE602}.Debug|Any CPU.ActiveCfg = Debug|Any CPU
		{EF9108AC-232B-4A2B-8F69-499DB58AE602}.Debug|Any CPU.Build.0 = Debug|Any CPU
		{EF9108AC-232B-4A2B-8F69-499DB58AE602}.Release|Any CPU.ActiveCfg = Release|Any CPU
		{EF9108AC-232B-4A2B-8F69-499DB58AE602}.Release|Any CPU.Build.0 = Release|Any CPU
	EndGlobalSection
	GlobalSection(SolutionProperties) = preSolution
		HideSolutionNode = FALSE
	EndGlobalSection
	GlobalSection(ExtensibilityGlobals) = postSolution
		SolutionGuid = {17B05AA0-DA73-49C1-AED1-AD8D52B6A8AD}
	EndGlobalSection
EndGlobal
